
Microsoft Visual Studio Solution File, Format Version 12.00
# Visual Studio Version 16
VisualStudioVersion = 16.6.30114.105
MinimumVisualStudioVersion = 10.0.40219.1
Project("{2150E333-8FDC-42A3-9474-1A3956D46DE8}") = "tests", "tests", "{101AB778-1A16-483C-A8D7-F42718D3E428}"
EndProject
Project("{FAE04EC0-301F-11D3-BF4B-00C04F79EFBC}") = "RuleEngine.Tests", "tests\RuleEngine.Tests\RuleEngine.Tests.csproj", "{DCCF9C23-CB3C-4E3C-AA69-8EB8F4F4472E}"
EndProject
Project("{2150E333-8FDC-42A3-9474-1A3956D46DE8}") = "src", "src", "{32B0CDDD-B4D9-4BED-BF5B-D70B9C1C7F9A}"
EndProject
Project("{FAE04EC0-301F-11D3-BF4B-00C04F79EFBC}") = "RuleEngine", "src\RuleEngine\RuleEngine.csproj", "{12723F7F-403F-4DC4-BC7D-E6246EF2E00E}"
EndProject
Project("{FAE04EC0-301F-11D3-BF4B-00C04F79EFBC}") = "RuleServer", "src\RuleServer\RuleServer.csproj", "{B86570CA-4BBB-4384-B5CA-9F93CB3EF418}"
EndProject
Project("{FAE04EC0-301F-11D3-BF4B-00C04F79EFBC}") = "RuleWeb", "src\RuleWeb\RuleWeb.csproj", "{27CBEE5A-889D-400E-A628-985B2DE4671D}"
EndProject
Project("{2150E333-8FDC-42A3-9474-1A3956D46DE8}") = "benchmark", "benchmark", "{2AEEE358-EB26-448E-8316-01E051166655}"
EndProject
Project("{FAE04EC0-301F-11D3-BF4B-00C04F79EFBC}") = "RuleEngine.Benchmark", "benchmark\RuleEngine.Benchmark\RuleEngine.Benchmark.csproj", "{2E5094C0-D0B4-4059-9F6A-B4DFC1DF0083}"
EndProject
Global
	GlobalSection(SolutionConfigurationPlatforms) = preSolution
		Debug|Any CPU = Debug|Any CPU
		Debug|x64 = Debug|x64
		Debug|x86 = Debug|x86
		Release|Any CPU = Release|Any CPU
		Release|x64 = Release|x64
		Release|x86 = Release|x86
	EndGlobalSection
	GlobalSection(SolutionProperties) = preSolution
		HideSolutionNode = FALSE
	EndGlobalSection
	GlobalSection(ProjectConfigurationPlatforms) = postSolution
		{DCCF9C23-CB3C-4E3C-AA69-8EB8F4F4472E}.Debug|Any CPU.ActiveCfg = Debug|Any CPU
		{DCCF9C23-CB3C-4E3C-AA69-8EB8F4F4472E}.Debug|Any CPU.Build.0 = Debug|Any CPU
		{DCCF9C23-CB3C-4E3C-AA69-8EB8F4F4472E}.Debug|x64.ActiveCfg = Debug|Any CPU
		{DCCF9C23-CB3C-4E3C-AA69-8EB8F4F4472E}.Debug|x64.Build.0 = Debug|Any CPU
		{DCCF9C23-CB3C-4E3C-AA69-8EB8F4F4472E}.Debug|x86.ActiveCfg = Debug|Any CPU
		{DCCF9C23-CB3C-4E3C-AA69-8EB8F4F4472E}.Debug|x86.Build.0 = Debug|Any CPU
		{DCCF9C23-CB3C-4E3C-AA69-8EB8F4F4472E}.Release|Any CPU.ActiveCfg = Release|Any CPU
		{DCCF9C23-CB3C-4E3C-AA69-8EB8F4F4472E}.Release|Any CPU.Build.0 = Release|Any CPU
		{DCCF9C23-CB3C-4E3C-AA69-8EB8F4F4472E}.Release|x64.ActiveCfg = Release|Any CPU
		{DCCF9C23-CB3C-4E3C-AA69-8EB8F4F4472E}.Release|x64.Build.0 = Release|Any CPU
		{DCCF9C23-CB3C-4E3C-AA69-8EB8F4F4472E}.Release|x86.ActiveCfg = Release|Any CPU
		{DCCF9C23-CB3C-4E3C-AA69-8EB8F4F4472E}.Release|x86.Build.0 = Release|Any CPU
		{12723F7F-403F-4DC4-BC7D-E6246EF2E00E}.Debug|Any CPU.ActiveCfg = Debug|Any CPU
		{12723F7F-403F-4DC4-BC7D-E6246EF2E00E}.Debug|Any CPU.Build.0 = Debug|Any CPU
		{12723F7F-403F-4DC4-BC7D-E6246EF2E00E}.Debug|x64.ActiveCfg = Debug|Any CPU
		{12723F7F-403F-4DC4-BC7D-E6246EF2E00E}.Debug|x64.Build.0 = Debug|Any CPU
		{12723F7F-403F-4DC4-BC7D-E6246EF2E00E}.Debug|x86.ActiveCfg = Debug|Any CPU
		{12723F7F-403F-4DC4-BC7D-E6246EF2E00E}.Debug|x86.Build.0 = Debug|Any CPU
		{12723F7F-403F-4DC4-BC7D-E6246EF2E00E}.Release|Any CPU.ActiveCfg = Release|Any CPU
		{12723F7F-403F-4DC4-BC7D-E6246EF2E00E}.Release|Any CPU.Build.0 = Release|Any CPU
		{12723F7F-403F-4DC4-BC7D-E6246EF2E00E}.Release|x64.ActiveCfg = Release|Any CPU
		{12723F7F-403F-4DC4-BC7D-E6246EF2E00E}.Release|x64.Build.0 = Release|Any CPU
		{12723F7F-403F-4DC4-BC7D-E6246EF2E00E}.Release|x86.ActiveCfg = Release|Any CPU
		{12723F7F-403F-4DC4-BC7D-E6246EF2E00E}.Release|x86.Build.0 = Release|Any CPU
		{B86570CA-4BBB-4384-B5CA-9F93CB3EF418}.Debug|Any CPU.ActiveCfg = Debug|Any CPU
		{B86570CA-4BBB-4384-B5CA-9F93CB3EF418}.Debug|Any CPU.Build.0 = Debug|Any CPU
		{B86570CA-4BBB-4384-B5CA-9F93CB3EF418}.Debug|x64.ActiveCfg = Debug|Any CPU
		{B86570CA-4BBB-4384-B5CA-9F93CB3EF418}.Debug|x64.Build.0 = Debug|Any CPU
		{B86570CA-4BBB-4384-B5CA-9F93CB3EF418}.Debug|x86.ActiveCfg = Debug|Any CPU
		{B86570CA-4BBB-4384-B5CA-9F93CB3EF418}.Debug|x86.Build.0 = Debug|Any CPU
		{B86570CA-4BBB-4384-B5CA-9F93CB3EF418}.Release|Any CPU.ActiveCfg = Release|Any CPU
		{B86570CA-4BBB-4384-B5CA-9F93CB3EF418}.Release|Any CPU.Build.0 = Release|Any CPU
		{B86570CA-4BBB-4384-B5CA-9F93CB3EF418}.Release|x64.ActiveCfg = Release|Any CPU
		{B86570CA-4BBB-4384-B5CA-9F93CB3EF418}.Release|x64.Build.0 = Release|Any CPU
		{B86570CA-4BBB-4384-B5CA-9F93CB3EF418}.Release|x86.ActiveCfg = Release|Any CPU
		{B86570CA-4BBB-4384-B5CA-9F93CB3EF418}.Release|x86.Build.0 = Release|Any CPU
		{27CBEE5A-889D-400E-A628-985B2DE4671D}.Debug|Any CPU.ActiveCfg = Debug|Any CPU
		{27CBEE5A-889D-400E-A628-985B2DE4671D}.Debug|Any CPU.Build.0 = Debug|Any CPU
		{27CBEE5A-889D-400E-A628-985B2DE4671D}.Debug|x64.ActiveCfg = Debug|Any CPU
		{27CBEE5A-889D-400E-A628-985B2DE4671D}.Debug|x64.Build.0 = Debug|Any CPU
		{27CBEE5A-889D-400E-A628-985B2DE4671D}.Debug|x86.ActiveCfg = Debug|Any CPU
		{27CBEE5A-889D-400E-A628-985B2DE4671D}.Debug|x86.Build.0 = Debug|Any CPU
		{27CBEE5A-889D-400E-A628-985B2DE4671D}.Release|Any CPU.ActiveCfg = Release|Any CPU
		{27CBEE5A-889D-400E-A628-985B2DE4671D}.Release|Any CPU.Build.0 = Release|Any CPU
		{27CBEE5A-889D-400E-A628-985B2DE4671D}.Release|x64.ActiveCfg = Release|Any CPU
		{27CBEE5A-889D-400E-A628-985B2DE4671D}.Release|x64.Build.0 = Release|Any CPU
		{27CBEE5A-889D-400E-A628-985B2DE4671D}.Release|x86.ActiveCfg = Release|Any CPU
		{27CBEE5A-889D-400E-A628-985B2DE4671D}.Release|x86.Build.0 = Release|Any CPU
		{2E5094C0-D0B4-4059-9F6A-B4DFC1DF0083}.Debug|Any CPU.ActiveCfg = Debug|Any CPU
		{2E5094C0-D0B4-4059-9F6A-B4DFC1DF0083}.Debug|Any CPU.Build.0 = Debug|Any CPU
		{2E5094C0-D0B4-4059-9F6A-B4DFC1DF0083}.Debug|x64.ActiveCfg = Debug|Any CPU
		{2E5094C0-D0B4-4059-9F6A-B4DFC1DF0083}.Debug|x64.Build.0 = Debug|Any CPU
		{2E5094C0-D0B4-4059-9F6A-B4DFC1DF0083}.Debug|x86.ActiveCfg = Debug|Any CPU
		{2E5094C0-D0B4-4059-9F6A-B4DFC1DF0083}.Debug|x86.Build.0 = Debug|Any CPU
		{2E5094C0-D0B4-4059-9F6A-B4DFC1DF0083}.Release|Any CPU.ActiveCfg = Release|Any CPU
		{2E5094C0-D0B4-4059-9F6A-B4DFC1DF0083}.Release|Any CPU.Build.0 = Release|Any CPU
		{2E5094C0-D0B4-4059-9F6A-B4DFC1DF0083}.Release|x64.ActiveCfg = Release|Any CPU
		{2E5094C0-D0B4-4059-9F6A-B4DFC1DF0083}.Release|x64.Build.0 = Release|Any CPU
		{2E5094C0-D0B4-4059-9F6A-B4DFC1DF0083}.Release|x86.ActiveCfg = Release|Any CPU
		{2E5094C0-D0B4-4059-9F6A-B4DFC1DF0083}.Release|x86.Build.0 = Release|Any CPU
	EndGlobalSection
	GlobalSection(NestedProjects) = preSolution
		{DCCF9C23-CB3C-4E3C-AA69-8EB8F4F4472E} = {101AB778-1A16-483C-A8D7-F42718D3E428}
		{12723F7F-403F-4DC4-BC7D-E6246EF2E00E} = {32B0CDDD-B4D9-4BED-BF5B-D70B9C1C7F9A}
		{B86570CA-4BBB-4384-B5CA-9F93CB3EF418} = {32B0CDDD-B4D9-4BED-BF5B-D70B9C1C7F9A}
		{27CBEE5A-889D-400E-A628-985B2DE4671D} = {32B0CDDD-B4D9-4BED-BF5B-D70B9C1C7F9A}
		{2E5094C0-D0B4-4059-9F6A-B4DFC1DF0083} = {2AEEE358-EB26-448E-8316-01E051166655}
	EndGlobalSection
EndGlobal
